
Microsoft Visual Studio Solution File, Format Version 12.00
# Visual Studio Version 17
VisualStudioVersion = 17.7.34009.444
MinimumVisualStudioVersion = 10.0.40219.1
Project("{FAE04EC0-301F-11D3-BF4B-00C04F79EFBC}") = "MauiApp - Tasks", "MauiApp - Tasks\MauiApp - Tasks.csproj", "{B56A4F12-B721-4305-9152-CEB9BE4C8C05}"
EndProject
Global
	GlobalSection(SolutionConfigurationPlatforms) = preSolution
		Debug|Any CPU = Debug|Any CPU
		Release|Any CPU = Release|Any CPU
	EndGlobalSection
	GlobalSection(ProjectConfigurationPlatforms) = postSolution
		{B56A4F12-B721-4305-9152-CEB9BE4C8C05}.Debug|Any CPU.ActiveCfg = Debug|Any CPU
		{B56A4F12-B721-4305-9152-CEB9BE4C8C05}.Debug|Any CPU.Build.0 = Debug|Any CPU
		{B56A4F12-B721-4305-9152-CEB9BE4C8C05}.Debug|Any CPU.Deploy.0 = Debug|Any CPU
		{B56A4F12-B721-4305-9152-CEB9BE4C8C05}.Release|Any CPU.ActiveCfg = Release|Any CPU
		{B56A4F12-B721-4305-9152-CEB9BE4C8C05}.Release|Any CPU.Build.0 = Release|Any CPU
		{B56A4F12-B721-4305-9152-CEB9BE4C8C05}.Release|Any CPU.Deploy.0 = Release|Any CPU
	EndGlobalSection
	GlobalSection(SolutionProperties) = preSolution
		HideSolutionNode = FALSE
	EndGlobalSection
	GlobalSection(ExtensibilityGlobals) = postSolution
		SolutionGuid = {25F10533-06AB-4A32-B31E-98D93102D1E0}
	EndGlobalSection
EndGlobal
